// !$*UTF8*$!
{
	archiveVersion = 1;
	classes = {
	};
	objectVersion = 46;
	objects = {

/* Begin PBXBuildFile section */
		6B3CD2B21D579683002648F5 /* main.m in Sources */ = {isa = PBXBuildFile; fileRef = 6B3CD2B11D579683002648F5 /* main.m */; };
		6B3CD2B51D579683002648F5 /* AppDelegate.m in Sources */ = {isa = PBXBuildFile; fileRef = 6B3CD2B41D579683002648F5 /* AppDelegate.m */; };
		6B3CD2B81D579683002648F5 /* ViewController.m in Sources */ = {isa = PBXBuildFile; fileRef = 6B3CD2B71D579683002648F5 /* ViewController.m */; };
		6B3CD2BB1D579683002648F5 /* Main.storyboard in Resources */ = {isa = PBXBuildFile; fileRef = 6B3CD2B91D579683002648F5 /* Main.storyboard */; };
		6B3CD2BD1D579683002648F5 /* Assets.xcassets in Resources */ = {isa = PBXBuildFile; fileRef = 6B3CD2BC1D579683002648F5 /* Assets.xcassets */; };
		6B3CD2C01D579683002648F5 /* LaunchScreen.storyboard in Resources */ = {isa = PBXBuildFile; fileRef = 6B3CD2BE1D579683002648F5 /* LaunchScreen.storyboard */; };
		6B9D30AD1D5797EE008E59C6 /* ResultsTableViewController.m in Sources */ = {isa = PBXBuildFile; fileRef = 6B9D30AC1D5797EE008E59C6 /* ResultsTableViewController.m */; };
		6B9D30B01D5797F9008E59C6 /* MapViewController.m in Sources */ = {isa = PBXBuildFile; fileRef = 6B9D30AF1D5797F9008E59C6 /* MapViewController.m */; };
		6B9D30B41D57A460008E59C6 /* Result.m in Sources */ = {isa = PBXBuildFile; fileRef = 6B9D30B31D57A460008E59C6 /* Result.m */; };
		6B9D30B81D57ACEE008E59C6 /* Downloader.m in Sources */ = {isa = PBXBuildFile; fileRef = 6B9D30B71D57ACEE008E59C6 /* Downloader.m */; };
		6B9D30BE1D57AF77008E59C6 /* MapKit.framework in Frameworks */ = {isa = PBXBuildFile; fileRef = 6B9D30BD1D57AF77008E59C6 /* MapKit.framework */; };
		6B9D30C11D57B377008E59C6 /* MapAnnotation.m in Sources */ = {isa = PBXBuildFile; fileRef = 6B9D30C01D57B377008E59C6 /* MapAnnotation.m */; };
		6B9D30C31D57B5D6008E59C6 /* real.png in Resources */ = {isa = PBXBuildFile; fileRef = 6B9D30C21D57B5D6008E59C6 /* real.png */; };
		6B9D30C61D57B61B008E59C6 /* CustomAnnotationView.m in Sources */ = {isa = PBXBuildFile; fileRef = 6B9D30C51D57B61B008E59C6 /* CustomAnnotationView.m */; };
		6B9D30C81D57B75D008E59C6 /* photo.jpg in Resources */ = {isa = PBXBuildFile; fileRef = 6B9D30C71D57B75D008E59C6 /* photo.jpg */; };
		6B9D30CA1D57BE4E008E59C6 /* CoreLocation.framework in Frameworks */ = {isa = PBXBuildFile; fileRef = 6B9D30C91D57BE4E008E59C6 /* CoreLocation.framework */; };
		6B9D30CD1D57C697008E59C6 /* CustomLoadingTableViewCell.m in Sources */ = {isa = PBXBuildFile; fileRef = 6B9D30CC1D57C697008E59C6 /* CustomLoadingTableViewCell.m */; };
/* End PBXBuildFile section */

/* Begin PBXFileReference section */
		6B3CD2AD1D579683002648F5 /* YQLApp.app */ = {isa = PBXFileReference; explicitFileType = wrapper.application; includeInIndex = 0; path = YQLApp.app; sourceTree = BUILT_PRODUCTS_DIR; };
		6B3CD2B11D579683002648F5 /* main.m */ = {isa = PBXFileReference; lastKnownFileType = sourcecode.c.objc; path = main.m; sourceTree = "<group>"; };
		6B3CD2B31D579683002648F5 /* AppDelegate.h */ = {isa = PBXFileReference; lastKnownFileType = sourcecode.c.h; path = AppDelegate.h; sourceTree = "<group>"; };
		6B3CD2B41D579683002648F5 /* AppDelegate.m */ = {isa = PBXFileReference; lastKnownFileType = sourcecode.c.objc; path = AppDelegate.m; sourceTree = "<group>"; };
		6B3CD2B61D579683002648F5 /* ViewController.h */ = {isa = PBXFileReference; lastKnownFileType = sourcecode.c.h; path = ViewController.h; sourceTree = "<group>"; };
		6B3CD2B71D579683002648F5 /* ViewController.m */ = {isa = PBXFileReference; lastKnownFileType = sourcecode.c.objc; path = ViewController.m; sourceTree = "<group>"; };
		6B3CD2BA1D579683002648F5 /* Base */ = {isa = PBXFileReference; lastKnownFileType = file.storyboard; name = Base; path = Base.lproj/Main.storyboard; sourceTree = "<group>"; };
		6B3CD2BC1D579683002648F5 /* Assets.xcassets */ = {isa = PBXFileReference; lastKnownFileType = folder.assetcatalog; path = Assets.xcassets; sourceTree = "<group>"; };
		6B3CD2BF1D579683002648F5 /* Base */ = {isa = PBXFileReference; lastKnownFileType = file.storyboard; name = Base; path = Base.lproj/LaunchScreen.storyboard; sourceTree = "<group>"; };
		6B3CD2C11D579683002648F5 /* Info.plist */ = {isa = PBXFileReference; lastKnownFileType = text.plist.xml; path = Info.plist; sourceTree = "<group>"; };
		6B9D30AB1D5797EE008E59C6 /* ResultsTableViewController.h */ = {isa = PBXFileReference; fileEncoding = 4; lastKnownFileType = sourcecode.c.h; path = ResultsTableViewController.h; sourceTree = "<group>"; };
		6B9D30AC1D5797EE008E59C6 /* ResultsTableViewController.m */ = {isa = PBXFileReference; fileEncoding = 4; lastKnownFileType = sourcecode.c.objc; path = ResultsTableViewController.m; sourceTree = "<group>"; };
		6B9D30AE1D5797F9008E59C6 /* MapViewController.h */ = {isa = PBXFileReference; fileEncoding = 4; lastKnownFileType = sourcecode.c.h; path = MapViewController.h; sourceTree = "<group>"; };
		6B9D30AF1D5797F9008E59C6 /* MapViewController.m */ = {isa = PBXFileReference; fileEncoding = 4; lastKnownFileType = sourcecode.c.objc; path = MapViewController.m; sourceTree = "<group>"; };
		6B9D30B21D57A460008E59C6 /* Result.h */ = {isa = PBXFileReference; fileEncoding = 4; lastKnownFileType = sourcecode.c.h; path = Result.h; sourceTree = "<group>"; };
		6B9D30B31D57A460008E59C6 /* Result.m */ = {isa = PBXFileReference; fileEncoding = 4; lastKnownFileType = sourcecode.c.objc; path = Result.m; sourceTree = "<group>"; };
		6B9D30B61D57ACEE008E59C6 /* Downloader.h */ = {isa = PBXFileReference; fileEncoding = 4; lastKnownFileType = sourcecode.c.h; path = Downloader.h; sourceTree = "<group>"; };
		6B9D30B71D57ACEE008E59C6 /* Downloader.m */ = {isa = PBXFileReference; fileEncoding = 4; lastKnownFileType = sourcecode.c.objc; path = Downloader.m; sourceTree = "<group>"; };
		6B9D30BD1D57AF77008E59C6 /* MapKit.framework */ = {isa = PBXFileReference; lastKnownFileType = wrapper.framework; name = MapKit.framework; path = Platforms/iPhoneOS.platform/Developer/SDKs/iPhoneOS.sdk/System/Library/Frameworks/MapKit.framework; sourceTree = DEVELOPER_DIR; };
		6B9D30BF1D57B377008E59C6 /* MapAnnotation.h */ = {isa = PBXFileReference; fileEncoding = 4; lastKnownFileType = sourcecode.c.h; path = MapAnnotation.h; sourceTree = "<group>"; };
		6B9D30C01D57B377008E59C6 /* MapAnnotation.m */ = {isa = PBXFileReference; fileEncoding = 4; lastKnownFileType = sourcecode.c.objc; path = MapAnnotation.m; sourceTree = "<group>"; };
		6B9D30C21D57B5D6008E59C6 /* real.png */ = {isa = PBXFileReference; lastKnownFileType = image.png; path = real.png; sourceTree = "<group>"; };
		6B9D30C41D57B61B008E59C6 /* CustomAnnotationView.h */ = {isa = PBXFileReference; fileEncoding = 4; lastKnownFileType = sourcecode.c.h; path = CustomAnnotationView.h; sourceTree = "<group>"; };
		6B9D30C51D57B61B008E59C6 /* CustomAnnotationView.m */ = {isa = PBXFileReference; fileEncoding = 4; lastKnownFileType = sourcecode.c.objc; path = CustomAnnotationView.m; sourceTree = "<group>"; };
		6B9D30C71D57B75D008E59C6 /* photo.jpg */ = {isa = PBXFileReference; lastKnownFileType = image.jpeg; path = photo.jpg; sourceTree = "<group>"; };
		6B9D30C91D57BE4E008E59C6 /* CoreLocation.framework */ = {isa = PBXFileReference; lastKnownFileType = wrapper.framework; name = CoreLocation.framework; path = System/Library/Frameworks/CoreLocation.framework; sourceTree = SDKROOT; };
		6B9D30CB1D57C697008E59C6 /* CustomLoadingTableViewCell.h */ = {isa = PBXFileReference; fileEncoding = 4; lastKnownFileType = sourcecode.c.h; path = CustomLoadingTableViewCell.h; sourceTree = "<group>"; };
		6B9D30CC1D57C697008E59C6 /* CustomLoadingTableViewCell.m */ = {isa = PBXFileReference; fileEncoding = 4; lastKnownFileType = sourcecode.c.objc; path = CustomLoadingTableViewCell.m; sourceTree = "<group>"; };
/* End PBXFileReference section */

/* Begin PBXFrameworksBuildPhase section */
		6B3CD2AA1D579683002648F5 /* Frameworks */ = {
			isa = PBXFrameworksBuildPhase;
			buildActionMask = 2147483647;
			files = (
				6B9D30CA1D57BE4E008E59C6 /* CoreLocation.framework in Frameworks */,
				6B9D30BE1D57AF77008E59C6 /* MapKit.framework in Frameworks */,
			);
			runOnlyForDeploymentPostprocessing = 0;
		};
/* End PBXFrameworksBuildPhase section */

/* Begin PBXGroup section */
		6B3CD2A41D579683002648F5 = {
			isa = PBXGroup;
			children = (
				6B3CD2AF1D579683002648F5 /* YQLApp */,
				6B3CD2AE1D579683002648F5 /* Products */,
			);
			sourceTree = "<group>";
		};
		6B3CD2AE1D579683002648F5 /* Products */ = {
			isa = PBXGroup;
			children = (
				6B3CD2AD1D579683002648F5 /* YQLApp.app */,
			);
			name = Products;
			sourceTree = "<group>";
		};
		6B3CD2AF1D579683002648F5 /* YQLApp */ = {
			isa = PBXGroup;
			children = (
				6B9D30B51D57ACE2008E59C6 /* Utility */,
				6B9D30B11D57A454008E59C6 /* Models */,
				6B9D30AA1D5797DA008E59C6 /* ViewControllers */,
				6B9D30A91D5797BE008E59C6 /* Main */,
				6B3CD2B01D579683002648F5 /* Supporting Files */,
			);
			path = YQLApp;
			sourceTree = "<group>";
		};
		6B3CD2B01D579683002648F5 /* Supporting Files */ = {
			isa = PBXGroup;
			children = (
				6B9D30C71D57B75D008E59C6 /* photo.jpg */,
				6B9D30C21D57B5D6008E59C6 /* real.png */,
				6B9D30C91D57BE4E008E59C6 /* CoreLocation.framework */,
				6B9D30BD1D57AF77008E59C6 /* MapKit.framework */,
				6B3CD2BC1D579683002648F5 /* Assets.xcassets */,
				6B3CD2C11D579683002648F5 /* Info.plist */,
				6B3CD2BE1D579683002648F5 /* LaunchScreen.storyboard */,
				6B3CD2B11D579683002648F5 /* main.m */,
			);
			name = "Supporting Files";
			sourceTree = "<group>";
		};
		6B9D30A91D5797BE008E59C6 /* Main */ = {
			isa = PBXGroup;
			children = (
				6B3CD2B31D579683002648F5 /* AppDelegate.h */,
				6B3CD2B41D579683002648F5 /* AppDelegate.m */,
				6B3CD2B91D579683002648F5 /* Main.storyboard */,
			);
			name = Main;
			sourceTree = "<group>";
		};
		6B9D30AA1D5797DA008E59C6 /* ViewControllers */ = {
			isa = PBXGroup;
			children = (
				6B9D30CB1D57C697008E59C6 /* CustomLoadingTableViewCell.h */,
				6B9D30CC1D57C697008E59C6 /* CustomLoadingTableViewCell.m */,
				6B3CD2B61D579683002648F5 /* ViewController.h */,
				6B3CD2B71D579683002648F5 /* ViewController.m */,
				6B9D30AB1D5797EE008E59C6 /* ResultsTableViewController.h */,
				6B9D30AC1D5797EE008E59C6 /* ResultsTableViewController.m */,
				6B9D30AE1D5797F9008E59C6 /* MapViewController.h */,
				6B9D30AF1D5797F9008E59C6 /* MapViewController.m */,
			);
			name = ViewControllers;
			sourceTree = "<group>";
		};
		6B9D30B11D57A454008E59C6 /* Models */ = {
			isa = PBXGroup;
			children = (
				6B9D30B21D57A460008E59C6 /* Result.h */,
				6B9D30B31D57A460008E59C6 /* Result.m */,
			);
			name = Models;
			sourceTree = "<group>";
		};
		6B9D30B51D57ACE2008E59C6 /* Utility */ = {
			isa = PBXGroup;
			children = (
				6B9D30B61D57ACEE008E59C6 /* Downloader.h */,
				6B9D30B71D57ACEE008E59C6 /* Downloader.m */,
				6B9D30BF1D57B377008E59C6 /* MapAnnotation.h */,
				6B9D30C01D57B377008E59C6 /* MapAnnotation.m */,
				6B9D30C41D57B61B008E59C6 /* CustomAnnotationView.h */,
				6B9D30C51D57B61B008E59C6 /* CustomAnnotationView.m */,
			);
			name = Utility;
			sourceTree = "<group>";
		};
/* End PBXGroup section */

/* Begin PBXNativeTarget section */
		6B3CD2AC1D579683002648F5 /* YQLApp */ = {
			isa = PBXNativeTarget;
			buildConfigurationList = 6B3CD2C41D579683002648F5 /* Build configuration list for PBXNativeTarget "YQLApp" */;
			buildPhases = (
				6B3CD2A91D579683002648F5 /* Sources */,
				6B3CD2AA1D579683002648F5 /* Frameworks */,
				6B3CD2AB1D579683002648F5 /* Resources */,
			);
			buildRules = (
			);
			dependencies = (
			);
			name = YQLApp;
			productName = YQLApp;
			productReference = 6B3CD2AD1D579683002648F5 /* YQLApp.app */;
			productType = "com.apple.product-type.application";
		};
/* End PBXNativeTarget section */

/* Begin PBXProject section */
		6B3CD2A51D579683002648F5 /* Project object */ = {
			isa = PBXProject;
			attributes = {
				LastUpgradeCheck = 0730;
				ORGANIZATIONNAME = "Vivian Aranha";
				TargetAttributes = {
					6B3CD2AC1D579683002648F5 = {
						CreatedOnToolsVersion = 7.3.1;
						SystemCapabilities = {
							com.apple.Maps.iOS = {
								enabled = 0;
							};
						};
					};
				};
			};
			buildConfigurationList = 6B3CD2A81D579683002648F5 /* Build configuration list for PBXProject "YQLApp" */;
			compatibilityVersion = "Xcode 3.2";
			developmentRegion = English;
			hasScannedForEncodings = 0;
			knownRegions = (
				en,
				Base,
			);
			mainGroup = 6B3CD2A41D579683002648F5;
			productRefGroup = 6B3CD2AE1D579683002648F5 /* Products */;
			projectDirPath = "";
			projectRoot = "";
			targets = (
				6B3CD2AC1D579683002648F5 /* YQLApp */,
			);
		};
/* End PBXProject section */

/* Begin PBXResourcesBuildPhase section */
		6B3CD2AB1D579683002648F5 /* Resources */ = {
			isa = PBXResourcesBuildPhase;
			buildActionMask = 2147483647;
			files = (
				6B3CD2C01D579683002648F5 /* LaunchScreen.storyboard in Resources */,
				6B3CD2BD1D579683002648F5 /* Assets.xcassets in Resources */,
				6B9D30C81D57B75D008E59C6 /* photo.jpg in Resources */,
				6B9D30C31D57B5D6008E59C6 /* real.png in Resources */,
				6B3CD2BB1D579683002648F5 /* Main.storyboard in Resources */,
			);
			runOnlyForDeploymentPostprocessing = 0;
		};
/* End PBXResourcesBuildPhase section */

/* Begin PBXSourcesBuildPhase section */
		6B3CD2A91D579683002648F5 /* Sources */ = {
			isa = PBXSourcesBuildPhase;
			buildActionMask = 2147483647;
			files = (
				6B9D30C61D57B61B008E59C6 /* CustomAnnotationView.m in Sources */,
				6B9D30B41D57A460008E59C6 /* Result.m in Sources */,
				6B9D30AD1D5797EE008E59C6 /* ResultsTableViewController.m in Sources */,
				6B3CD2B81D579683002648F5 /* ViewController.m in Sources */,
				6B9D30C11D57B377008E59C6 /* MapAnnotation.m in Sources */,
				6B9D30CD1D57C697008E59C6 /* CustomLoadingTableViewCell.m in Sources */,
				6B9D30B81D57ACEE008E59C6 /* Downloader.m in Sources */,
				6B9D30B01D5797F9008E59C6 /* MapViewController.m in Sources */,
				6B3CD2B51D579683002648F5 /* AppDelegate.m in Sources */,
				6B3CD2B21D579683002648F5 /* main.m in Sources */,
			);
			runOnlyForDeploymentPostprocessing = 0;
		};
/* End PBXSourcesBuildPhase section */

/* Begin PBXVariantGroup section */
		6B3CD2B91D579683002648F5 /* Main.storyboard */ = {
			isa = PBXVariantGroup;
			children = (
				6B3CD2BA1D579683002648F5 /* Base */,
			);
			name = Main.storyboard;
			sourceTree = "<group>";
		};
		6B3CD2BE1D579683002648F5 /* LaunchScreen.storyboard */ = {
			isa = PBXVariantGroup;
			children = (
				6B3CD2BF1D579683002648F5 /* Base */,
			);
			name = LaunchScreen.storyboard;
			sourceTree = "<group>";
		};
/* End PBXVariantGroup section */

/* Begin XCBuildConfiguration section */
		6B3CD2C21D579683002648F5 /* Debug */ = {
			isa = XCBuildConfiguration;
			buildSettings = {
				ALWAYS_SEARCH_USER_PATHS = NO;
				CLANG_ANALYZER_NONNULL = YES;
				CLANG_CXX_LANGUAGE_STANDARD = "gnu++0x";
				CLANG_CXX_LIBRARY = "libc++";
				CLANG_ENABLE_MODULES = YES;
				CLANG_ENABLE_OBJC_ARC = YES;
				CLANG_WARN_BOOL_CONVERSION = YES;
				CLANG_WARN_CONSTANT_CONVERSION = YES;
				CLANG_WARN_DIRECT_OBJC_ISA_USAGE = YES_ERROR;
				CLANG_WARN_EMPTY_BODY = YES;
				CLANG_WARN_ENUM_CONVERSION = YES;
				CLANG_WARN_INT_CONVERSION = YES;
				CLANG_WARN_OBJC_ROOT_CLASS = YES_ERROR;
				CLANG_WARN_UNREACHABLE_CODE = YES;
				CLANG_WARN__DUPLICATE_METHOD_MATCH = YES;
				"CODE_SIGN_IDENTITY[sdk=iphoneos*]" = "iPhone Developer";
				COPY_PHASE_STRIP = NO;
				DEBUG_INFORMATION_FORMAT = dwarf;
				ENABLE_STRICT_OBJC_MSGSEND = YES;
				ENABLE_TESTABILITY = YES;
				GCC_C_LANGUAGE_STANDARD = gnu99;
				GCC_DYNAMIC_NO_PIC = NO;
				GCC_NO_COMMON_BLOCKS = YES;
				GCC_OPTIMIZATION_LEVEL = 0;
				GCC_PREPROCESSOR_DEFINITIONS = (
					"DEBUG=1",
					"$(inherited)",
				);
				GCC_WARN_64_TO_32_BIT_CONVERSION = YES;
				GCC_WARN_ABOUT_RETURN_TYPE = YES_ERROR;
				GCC_WARN_UNDECLARED_SELECTOR = YES;
				GCC_WARN_UNINITIALIZED_AUTOS = YES_AGGRESSIVE;
				GCC_WARN_UNUSED_FUNCTION = YES;
				GCC_WARN_UNUSED_VARIABLE = YES;
				IPHONEOS_DEPLOYMENT_TARGET = 9.3;
				MTL_ENABLE_DEBUG_INFO = YES;
				ONLY_ACTIVE_ARCH = YES;
				SDKROOT = iphoneos;
			};
			name = Debug;
		};
		6B3CD2C31D579683002648F5 /* Release */ = {
			isa = XCBuildConfiguration;
			buildSettings = {
				ALWAYS_SEARCH_USER_PATHS = NO;
				CLANG_ANALYZER_NONNULL = YES;
				CLANG_CXX_LANGUAGE_STANDARD = "gnu++0x";
				CLANG_CXX_LIBRARY = "libc++";
				CLANG_ENABLE_MODULES = YES;
				CLANG_ENABLE_OBJC_ARC = YES;
				CLANG_WARN_BOOL_CONVERSION = YES;
				CLANG_WARN_CONSTANT_CONVERSION = YES;
				CLANG_WARN_DIRECT_OBJC_ISA_USAGE = YES_ERROR;
				CLANG_WARN_EMPTY_BODY = YES;
				CLANG_WARN_ENUM_CONVERSION = YES;
				CLANG_WARN_INT_CONVERSION = YES;
				CLANG_WARN_OBJC_ROOT_CLASS = YES_ERROR;
				CLANG_WARN_UNREACHABLE_CODE = YES;
				CLANG_WARN__DUPLICATE_METHOD_MATCH = YES;
				"CODE_SIGN_IDENTITY[sdk=iphoneos*]" = "iPhone Developer";
				COPY_PHASE_STRIP = NO;
				DEBUG_INFORMATION_FORMAT = "dwarf-with-dsym";
				ENABLE_NS_ASSERTIONS = NO;
				ENABLE_STRICT_OBJC_MSGSEND = YES;
				GCC_C_LANGUAGE_STANDARD = gnu99;
				GCC_NO_COMMON_BLOCKS = YES;
				GCC_WARN_64_TO_32_BIT_CONVERSION = YES;
				GCC_WARN_ABOUT_RETURN_TYPE = YES_ERROR;
				GCC_WARN_UNDECLARED_SELECTOR = YES;
				GCC_WARN_UNINITIALIZED_AUTOS = YES_AGGRESSIVE;
				GCC_WARN_UNUSED_FUNCTION = YES;
				GCC_WARN_UNUSED_VARIABLE = YES;
				IPHONEOS_DEPLOYMENT_TARGET = 9.3;
				MTL_ENABLE_DEBUG_INFO = NO;
				SDKROOT = iphoneos;
				VALIDATE_PRODUCT = YES;
			};
			name = Release;
		};
		6B3CD2C51D579683002648F5 /* Debug */ = {
			isa = XCBuildConfiguration;
			buildSettings = {
				ASSETCATALOG_COMPILER_APPICON_NAME = AppIcon;
				INFOPLIST_FILE = YQLApp/Info.plist;
				LD_RUNPATH_SEARCH_PATHS = "$(inherited) @executable_path/Frameworks";
				PRODUCT_BUNDLE_IDENTIFIER = com.vivianaranha.YQLApp;
				PRODUCT_NAME = "$(TARGET_NAME)";
			};
			name = Debug;
		};
		6B3CD2C61D579683002648F5 /* Release */ = {
			isa = XCBuildConfiguration;
			buildSettings = {
				ASSETCATALOG_COMPILER_APPICON_NAME = AppIcon;
				INFOPLIST_FILE = YQLApp/Info.plist;
				LD_RUNPATH_SEARCH_PATHS = "$(inherited) @executable_path/Frameworks";
				PRODUCT_BUNDLE_IDENTIFIER = com.vivianaranha.YQLApp;
				PRODUCT_NAME = "$(TARGET_NAME)";
			};
			name = Release;
		};
/* End XCBuildConfiguration section */

/* Begin XCConfigurationList section */
		6B3CD2A81D579683002648F5 /* Build configuration list for PBXProject "YQLApp" */ = {
			isa = XCConfigurationList;
			buildConfigurations = (
				6B3CD2C21D579683002648F5 /* Debug */,
				6B3CD2C31D579683002648F5 /* Release */,
			);
			defaultConfigurationIsVisible = 0;
			defaultConfigurationName = Release;
		};
		6B3CD2C41D579683002648F5 /* Build configuration list for PBXNativeTarget "YQLApp" */ = {
			isa = XCConfigurationList;
			buildConfigurations = (
				6B3CD2C51D579683002648F5 /* Debug */,
				6B3CD2C61D579683002648F5 /* Release */,
			);
			defaultConfigurationIsVisible = 0;
			defaultConfigurationName = Release;
		};
/* End XCConfigurationList section */
	};
	rootObject = 6B3CD2A51D579683002648F5 /* Project object */;
}
